
Microsoft Visual Studio Solution File, Format Version 12.00
# Visual Studio Version 16
VisualStudioVersion = 16.0.29424.173
MinimumVisualStudioVersion = 10.0.40219.1
Project("{FAE04EC0-301F-11D3-BF4B-00C04F79EFBC}") = "WebSalesMVC", "WebSalesMVC\WebSalesMVC.csproj", "{BC4E5DAA-4451-4C9F-AC8B-2D851A811BEF}"
EndProject
Global
	GlobalSection(SolutionConfigurationPlatforms) = preSolution
		Debug|Any CPU = Debug|Any CPU
		Release|Any CPU = Release|Any CPU
	EndGlobalSection
	GlobalSection(ProjectConfigurationPlatforms) = postSolution
		{BC4E5DAA-4451-4C9F-AC8B-2D851A811BEF}.Debug|Any CPU.ActiveCfg = Debug|Any CPU
		{BC4E5DAA-4451-4C9F-AC8B-2D851A811BEF}.Debug|Any CPU.Build.0 = Debug|Any CPU
		{BC4E5DAA-4451-4C9F-AC8B-2D851A811BEF}.Release|Any CPU.ActiveCfg = Release|Any CPU
		{BC4E5DAA-4451-4C9F-AC8B-2D851A811BEF}.Release|Any CPU.Build.0 = Release|Any CPU
	EndGlobalSection
	GlobalSection(SolutionProperties) = preSolution
		HideSolutionNode = FALSE
	EndGlobalSection
	GlobalSection(ExtensibilityGlobals) = postSolution
		SolutionGuid = {3D7916CD-A5C0-4008-BAB1-E0DEAE958982}
	EndGlobalSection
EndGlobal
